// !$*UTF8*$!
{
	archiveVersion = 1;
	classes = {
	};
	objectVersion = 46;
	objects = {

/* Begin PBXBuildFile section */
		075F721C1ECD524000B5D276 /* login_background.png in Resources */ = {isa = PBXBuildFile; fileRef = 075F721A1ECD524000B5D276 /* login_background.png */; };
		075F721D1ECD524000B5D276 /* button_image.png in Resources */ = {isa = PBXBuildFile; fileRef = 075F721B1ECD524000B5D276 /* button_image.png */; };
		07CEFCFF1ECC3F6100AB0C52 /* AppDelegate.swift in Sources */ = {isa = PBXBuildFile; fileRef = 07CEFCFE1ECC3F6100AB0C52 /* AppDelegate.swift */; };
		07CEFD011ECC3F6100AB0C52 /* ViewController.swift in Sources */ = {isa = PBXBuildFile; fileRef = 07CEFD001ECC3F6100AB0C52 /* ViewController.swift */; };
		07CEFD041ECC3F6100AB0C52 /* Main.storyboard in Resources */ = {isa = PBXBuildFile; fileRef = 07CEFD021ECC3F6100AB0C52 /* Main.storyboard */; };
		07CEFD061ECC3F6100AB0C52 /* Assets.xcassets in Resources */ = {isa = PBXBuildFile; fileRef = 07CEFD051ECC3F6100AB0C52 /* Assets.xcassets */; };
		07CEFD091ECC3F6100AB0C52 /* LaunchScreen.storyboard in Resources */ = {isa = PBXBuildFile; fileRef = 07CEFD071ECC3F6100AB0C52 /* LaunchScreen.storyboard */; };
/* End PBXBuildFile section */

/* Begin PBXFileReference section */
		075F721A1ECD524000B5D276 /* login_background.png */ = {isa = PBXFileReference; lastKnownFileType = image.png; path = login_background.png; sourceTree = "<group>"; };
		075F721B1ECD524000B5D276 /* button_image.png */ = {isa = PBXFileReference; lastKnownFileType = image.png; path = button_image.png; sourceTree = "<group>"; };
		07CEFCFB1ECC3F6100AB0C52 /* UserLogin.app */ = {isa = PBXFileReference; explicitFileType = wrapper.application; includeInIndex = 0; path = UserLogin.app; sourceTree = BUILT_PRODUCTS_DIR; };
		07CEFCFE1ECC3F6100AB0C52 /* AppDelegate.swift */ = {isa = PBXFileReference; lastKnownFileType = sourcecode.swift; path = AppDelegate.swift; sourceTree = "<group>"; };
		07CEFD001ECC3F6100AB0C52 /* ViewController.swift */ = {isa = PBXFileReference; lastKnownFileType = sourcecode.swift; path = ViewController.swift; sourceTree = "<group>"; };
		07CEFD031ECC3F6100AB0C52 /* Base */ = {isa = PBXFileReference; lastKnownFileType = file.storyboard; name = Base; path = Base.lproj/Main.storyboard; sourceTree = "<group>"; };
		07CEFD051ECC3F6100AB0C52 /* Assets.xcassets */ = {isa = PBXFileReference; lastKnownFileType = folder.assetcatalog; path = Assets.xcassets; sourceTree = "<group>"; };
		07CEFD081ECC3F6100AB0C52 /* Base */ = {isa = PBXFileReference; lastKnownFileType = file.storyboard; name = Base; path = Base.lproj/LaunchScreen.storyboard; sourceTree = "<group>"; };
		07CEFD0A1ECC3F6100AB0C52 /* Info.plist */ = {isa = PBXFileReference; lastKnownFileType = text.plist.xml; path = Info.plist; sourceTree = "<group>"; };
/* End PBXFileReference section */

/* Begin PBXFrameworksBuildPhase section */
		07CEFCF81ECC3F6100AB0C52 /* Frameworks */ = {
			isa = PBXFrameworksBuildPhase;
			buildActionMask = 2147483647;
			files = (
			);
			runOnlyForDeploymentPostprocessing = 0;
		};
/* End PBXFrameworksBuildPhase section */

/* Begin PBXGroup section */
		075F72191ECD522E00B5D276 /* Source */ = {
			isa = PBXGroup;
			children = (
				075F721A1ECD524000B5D276 /* login_background.png */,
				075F721B1ECD524000B5D276 /* button_image.png */,
			);
			name = Source;
			sourceTree = "<group>";
		};
		07CEFCF21ECC3F6100AB0C52 = {
			isa = PBXGroup;
			children = (
				07CEFCFD1ECC3F6100AB0C52 /* UserLogin */,
				07CEFCFC1ECC3F6100AB0C52 /* Products */,
			);
			sourceTree = "<group>";
		};
		07CEFCFC1ECC3F6100AB0C52 /* Products */ = {
			isa = PBXGroup;
			children = (
				07CEFCFB1ECC3F6100AB0C52 /* UserLogin.app */,
			);
			name = Products;
			sourceTree = "<group>";
		};
		07CEFCFD1ECC3F6100AB0C52 /* UserLogin */ = {
			isa = PBXGroup;
			children = (
				075F72191ECD522E00B5D276 /* Source */,
				07CEFCFE1ECC3F6100AB0C52 /* AppDelegate.swift */,
				07CEFD001ECC3F6100AB0C52 /* ViewController.swift */,
				07CEFD021ECC3F6100AB0C52 /* Main.storyboard */,
				07CEFD051ECC3F6100AB0C52 /* Assets.xcassets */,
				07CEFD071ECC3F6100AB0C52 /* LaunchScreen.storyboard */,
				07CEFD0A1ECC3F6100AB0C52 /* Info.plist */,
			);
			path = UserLogin;
			sourceTree = "<group>";
		};
/* End PBXGroup section */

/* Begin PBXNativeTarget section */
		07CEFCFA1ECC3F6100AB0C52 /* UserLogin */ = {
			isa = PBXNativeTarget;
			buildConfigurationList = 07CEFD0D1ECC3F6100AB0C52 /* Build configuration list for PBXNativeTarget "UserLogin" */;
			buildPhases = (
				07CEFCF71ECC3F6100AB0C52 /* Sources */,
				07CEFCF81ECC3F6100AB0C52 /* Frameworks */,
				07CEFCF91ECC3F6100AB0C52 /* Resources */,
			);
			buildRules = (
			);
			dependencies = (
			);
			name = UserLogin;
			productName = UserLogin;
			productReference = 07CEFCFB1ECC3F6100AB0C52 /* UserLogin.app */;
			productType = "com.apple.product-type.application";
		};
/* End PBXNativeTarget section */

/* Begin PBXProject section */
		07CEFCF31ECC3F6100AB0C52 /* Project object */ = {
			isa = PBXProject;
			attributes = {
				LastSwiftUpdateCheck = 0810;
				LastUpgradeCheck = 0810;
				ORGANIZATIONNAME = "Kien Nguyen";
				TargetAttributes = {
					07CEFCFA1ECC3F6100AB0C52 = {
						CreatedOnToolsVersion = 8.1;
						DevelopmentTeam = MJ777Q76VF;
						ProvisioningStyle = Automatic;
					};
				};
			};
			buildConfigurationList = 07CEFCF61ECC3F6100AB0C52 /* Build configuration list for PBXProject "UserLogin" */;
			compatibilityVersion = "Xcode 3.2";
			developmentRegion = English;
			hasScannedForEncodings = 0;
			knownRegions = (
				en,
				Base,
			);
			mainGroup = 07CEFCF21ECC3F6100AB0C52;
			productRefGroup = 07CEFCFC1ECC3F6100AB0C52 /* Products */;
			projectDirPath = "";
			projectRoot = "";
			targets = (
				07CEFCFA1ECC3F6100AB0C52 /* UserLogin */,
			);
		};
/* End PBXProject section */

/* Begin PBXResourcesBuildPhase section */
		07CEFCF91ECC3F6100AB0C52 /* Resources */ = {
			isa = PBXResourcesBuildPhase;
			buildActionMask = 2147483647;
			files = (
				075F721D1ECD524000B5D276 /* button_image.png in Resources */,
				07CEFD091ECC3F6100AB0C52 /* LaunchScreen.storyboard in Resources */,
				07CEFD061ECC3F6100AB0C52 /* Assets.xcassets in Resources */,
				07CEFD041ECC3F6100AB0C52 /* Main.storyboard in Resources */,
				075F721C1ECD524000B5D276 /* login_background.png in Resources */,
			);
			runOnlyForDeploymentPostprocessing = 0;
		};
/* End PBXResourcesBuildPhase section */

/* Begin PBXSourcesBuildPhase section */
		07CEFCF71ECC3F6100AB0C52 /* Sources */ = {
			isa = PBXSourcesBuildPhase;
			buildActionMask = 2147483647;
			files = (
				07CEFD011ECC3F6100AB0C52 /* ViewController.swift in Sources */,
				07CEFCFF1ECC3F6100AB0C52 /* AppDelegate.swift in Sources */,
			);
			runOnlyForDeploymentPostprocessing = 0;
		};
/* End PBXSourcesBuildPhase section */

/* Begin PBXVariantGroup section */
		07CEFD021ECC3F6100AB0C52 /* Main.storyboard */ = {
			isa = PBXVariantGroup;
			children = (
				07CEFD031ECC3F6100AB0C52 /* Base */,
			);
			name = Main.storyboard;
			sourceTree = "<group>";
		};
		07CEFD071ECC3F6100AB0C52 /* LaunchScreen.storyboard */ = {
			isa = PBXVariantGroup;
			children = (
				07CEFD081ECC3F6100AB0C52 /* Base */,
			);
			name = LaunchScreen.storyboard;
			sourceTree = "<group>";
		};
/* End PBXVariantGroup section */

/* Begin XCBuildConfiguration section */
		07CEFD0B1ECC3F6100AB0C52 /* Debug */ = {
			isa = XCBuildConfiguration;
			buildSettings = {
				ALWAYS_SEARCH_USER_PATHS = NO;
				CLANG_ANALYZER_NONNULL = YES;
				CLANG_CXX_LANGUAGE_STANDARD = "gnu++0x";
				CLANG_CXX_LIBRARY = "libc++";
				CLANG_ENABLE_MODULES = YES;
				CLANG_ENABLE_OBJC_ARC = YES;
				CLANG_WARN_BOOL_CONVERSION = YES;
				CLANG_WARN_CONSTANT_CONVERSION = YES;
				CLANG_WARN_DIRECT_OBJC_ISA_USAGE = YES_ERROR;
				CLANG_WARN_DOCUMENTATION_COMMENTS = YES;
				CLANG_WARN_EMPTY_BODY = YES;
				CLANG_WARN_ENUM_CONVERSION = YES;
				CLANG_WARN_INFINITE_RECURSION = YES;
				CLANG_WARN_INT_CONVERSION = YES;
				CLANG_WARN_OBJC_ROOT_CLASS = YES_ERROR;
				CLANG_WARN_SUSPICIOUS_MOVES = YES;
				CLANG_WARN_UNREACHABLE_CODE = YES;
				CLANG_WARN__DUPLICATE_METHOD_MATCH = YES;
				"CODE_SIGN_IDENTITY[sdk=iphoneos*]" = "iPhone Developer";
				COPY_PHASE_STRIP = NO;
				DEBUG_INFORMATION_FORMAT = dwarf;
				ENABLE_STRICT_OBJC_MSGSEND = YES;
				ENABLE_TESTABILITY = YES;
				GCC_C_LANGUAGE_STANDARD = gnu99;
				GCC_DYNAMIC_NO_PIC = NO;
				GCC_NO_COMMON_BLOCKS = YES;
				GCC_OPTIMIZATION_LEVEL = 0;
				GCC_PREPROCESSOR_DEFINITIONS = (
					"DEBUG=1",
					"$(inherited)",
				);
				GCC_WARN_64_TO_32_BIT_CONVERSION = YES;
				GCC_WARN_ABOUT_RETURN_TYPE = YES_ERROR;
				GCC_WARN_UNDECLARED_SELECTOR = YES;
				GCC_WARN_UNINITIALIZED_AUTOS = YES_AGGRESSIVE;
				GCC_WARN_UNUSED_FUNCTION = YES;
				GCC_WARN_UNUSED_VARIABLE = YES;
				IPHONEOS_DEPLOYMENT_TARGET = 10.1;
				MTL_ENABLE_DEBUG_INFO = YES;
				ONLY_ACTIVE_ARCH = YES;
				SDKROOT = iphoneos;
				SWIFT_ACTIVE_COMPILATION_CONDITIONS = DEBUG;
				SWIFT_OPTIMIZATION_LEVEL = "-Onone";
			};
			name = Debug;
		};
		07CEFD0C1ECC3F6100AB0C52 /* Release */ = {
			isa = XCBuildConfiguration;
			buildSettings = {
				ALWAYS_SEARCH_USER_PATHS = NO;
				CLANG_ANALYZER_NONNULL = YES;
				CLANG_CXX_LANGUAGE_STANDARD = "gnu++0x";
				CLANG_CXX_LIBRARY = "libc++";
				CLANG_ENABLE_MODULES = YES;
				CLANG_ENABLE_OBJC_ARC = YES;
				CLANG_WARN_BOOL_CONVERSION = YES;
				CLANG_WARN_CONSTANT_CONVERSION = YES;
				CLANG_WARN_DIRECT_OBJC_ISA_USAGE = YES_ERROR;
				CLANG_WARN_DOCUMENTATION_COMMENTS = YES;
				CLANG_WARN_EMPTY_BODY = YES;
				CLANG_WARN_ENUM_CONVERSION = YES;
				CLANG_WARN_INFINITE_RECURSION = YES;
				CLANG_WARN_INT_CONVERSION = YES;
				CLANG_WARN_OBJC_ROOT_CLASS = YES_ERROR;
				CLANG_WARN_SUSPICIOUS_MOVES = YES;
				CLANG_WARN_UNREACHABLE_CODE = YES;
				CLANG_WARN__DUPLICATE_METHOD_MATCH = YES;
				"CODE_SIGN_IDENTITY[sdk=iphoneos*]" = "iPhone Developer";
				COPY_PHASE_STRIP = NO;
				DEBUG_INFORMATION_FORMAT = "dwarf-with-dsym";
				ENABLE_NS_ASSERTIONS = NO;
				ENABLE_STRICT_OBJC_MSGSEND = YES;
				GCC_C_LANGUAGE_STANDARD = gnu99;
				GCC_NO_COMMON_BLOCKS = YES;
				GCC_WARN_64_TO_32_BIT_CONVERSION = YES;
				GCC_WARN_ABOUT_RETURN_TYPE = YES_ERROR;
				GCC_WARN_UNDECLARED_SELECTOR = YES;
				GCC_WARN_UNINITIALIZED_AUTOS = YES_AGGRESSIVE;
				GCC_WARN_UNUSED_FUNCTION = YES;
				GCC_WARN_UNUSED_VARIABLE = YES;
				IPHONEOS_DEPLOYMENT_TARGET = 10.1;
				MTL_ENABLE_DEBUG_INFO = NO;
				SDKROOT = iphoneos;
				SWIFT_OPTIMIZATION_LEVEL = "-Owholemodule";
				VALIDATE_PRODUCT = YES;
			};
			name = Release;
		};
		07CEFD0E1ECC3F6100AB0C52 /* Debug */ = {
			isa = XCBuildConfiguration;
			buildSettings = {
				ASSETCATALOG_COMPILER_APPICON_NAME = AppIcon;
				DEVELOPMENT_TEAM = MJ777Q76VF;
				INFOPLIST_FILE = UserLogin/Info.plist;
				LD_RUNPATH_SEARCH_PATHS = "$(inherited) @executable_path/Frameworks";
				PRODUCT_BUNDLE_IDENTIFIER = nguyenduckien.UserLogin;
				PRODUCT_NAME = "$(TARGET_NAME)";
				SWIFT_VERSION = 3.0;
			};
			name = Debug;
		};
		07CEFD0F1ECC3F6100AB0C52 /* Release */ = {
			isa = XCBuildConfiguration;
			buildSettings = {
				ASSETCATALOG_COMPILER_APPICON_NAME = AppIcon;
				DEVELOPMENT_TEAM = MJ777Q76VF;
				INFOPLIST_FILE = UserLogin/Info.plist;
				LD_RUNPATH_SEARCH_PATHS = "$(inherited) @executable_path/Frameworks";
				PRODUCT_BUNDLE_IDENTIFIER = nguyenduckien.UserLogin;
				PRODUCT_NAME = "$(TARGET_NAME)";
				SWIFT_VERSION = 3.0;
			};
			name = Release;
		};
/* End XCBuildConfiguration section */

/* Begin XCConfigurationList section */
		07CEFCF61ECC3F6100AB0C52 /* Build configuration list for PBXProject "UserLogin" */ = {
			isa = XCConfigurationList;
			buildConfigurations = (
				07CEFD0B1ECC3F6100AB0C52 /* Debug */,
				07CEFD0C1ECC3F6100AB0C52 /* Release */,
			);
			defaultConfigurationIsVisible = 0;
			defaultConfigurationName = Release;
		};
		07CEFD0D1ECC3F6100AB0C52 /* Build configuration list for PBXNativeTarget "UserLogin" */ = {
			isa = XCConfigurationList;
			buildConfigurations = (
				07CEFD0E1ECC3F6100AB0C52 /* Debug */,
				07CEFD0F1ECC3F6100AB0C52 /* Release */,
			);
			defaultConfigurationIsVisible = 0;
			defaultConfigurationName = Release;
		};
/* End XCConfigurationList section */
	};
	rootObject = 07CEFCF31ECC3F6100AB0C52 /* Project object */;
}
